lockfileVersion: '9.0'

settings:
  autoInstallPeers: true
  excludeLinksFromLockfile: false

importers:

  .:
    dependencies:
      pocketbase:
        specifier: ^0.26.8
        version: 0.26.8

packages:

  pocketbase@0.26.8:
    resolution: {integrity: sha512-aQ/ewvS7ncvAE8wxoW10iAZu6ElgbeFpBhKPnCfvRovNzm2gW8u/sQNPGN6vNgVEagz44kK//C61oKjfa+7Low==}

snapshots:

  pocketbase@0.26.8: {}
